
Microsoft Visual Studio Solution File, Format Version 12.00
# Visual Studio Version 17
VisualStudioVersion = 17.2.32630.192
MinimumVisualStudioVersion = 10.0.40219.1
Project("{FAE04EC0-301F-11D3-BF4B-00C04F79EFBC}") = "PruebaXml", "PruebaXml.csproj", "{B9F92EF0-BB32-4CF4-8F53-3D7519999FC1}"
EndProject
Global
	GlobalSection(SolutionConfigurationPlatforms) = preSolution
		Debug|Any CPU = Debug|Any CPU
		Release|Any CPU = Release|Any CPU
	EndGlobalSection
	GlobalSection(ProjectConfigurationPlatforms) = postSolution
		{B9F92EF0-BB32-4CF4-8F53-3D7519999FC1}.Debug|Any CPU.ActiveCfg = Debug|Any CPU
		{B9F92EF0-BB32-4CF4-8F53-3D7519999FC1}.Debug|Any CPU.Build.0 = Debug|Any CPU
		{B9F92EF0-BB32-4CF4-8F53-3D7519999FC1}.Release|Any CPU.ActiveCfg = Release|Any CPU
		{B9F92EF0-BB32-4CF4-8F53-3D7519999FC1}.Release|Any CPU.Build.0 = Release|Any CPU
	EndGlobalSection
	GlobalSection(SolutionProperties) = preSolution
		HideSolutionNode = FALSE
	EndGlobalSection
	GlobalSection(ExtensibilityGlobals) = postSolution
		SolutionGuid = {D2BE2866-9FF6-4669-A3C2-EC09F25405A1}
	EndGlobalSection
EndGlobal
